
Microsoft Visual Studio Solution File, Format Version 12.00
# Visual Studio Version 16
VisualStudioVersion = 16.0.30804.86
MinimumVisualStudioVersion = 10.0.40219.1
Project("{FAE04EC0-301F-11D3-BF4B-00C04F79EFBC}") = "pirma", "pirma\pirma.csproj", "{F8891F11-5C50-42FD-A190-7D3C6FE36166}"
EndProject
Global
	GlobalSection(SolutionConfigurationPlatforms) = preSolution
		Debug|Any CPU = Debug|Any CPU
		Release|Any CPU = Release|Any CPU
	EndGlobalSection
	GlobalSection(ProjectConfigurationPlatforms) = postSolution
		{F8891F11-5C50-42FD-A190-7D3C6FE36166}.Debug|Any CPU.ActiveCfg = Debug|Any CPU
		{F8891F11-5C50-42FD-A190-7D3C6FE36166}.Debug|Any CPU.Build.0 = Debug|Any CPU
		{F8891F11-5C50-42FD-A190-7D3C6FE36166}.Release|Any CPU.ActiveCfg = Release|Any CPU
		{F8891F11-5C50-42FD-A190-7D3C6FE36166}.Release|Any CPU.Build.0 = Release|Any CPU
	EndGlobalSection
	GlobalSection(SolutionProperties) = preSolution
		HideSolutionNode = FALSE
	EndGlobalSection
	GlobalSection(ExtensibilityGlobals) = postSolution
		SolutionGuid = {8765CC55-451A-43B8-9C34-0A770C4A0998}
	EndGlobalSection
EndGlobal
